{
  "version": 4,
  "terraform_version": "1.1.7",
  "serial": 16,
  "lineage": "5c2586dc-5a11-88f5-b289-84be11bef490",
  "outputs": {},
  "resources": [
    {
      "mode": "managed",
      "type": "google_artifact_registry_repository",
      "name": "spotmusic-backend",
      "provider": "provider[\"registry.terraform.io/hashicorp/google-beta\"]",
      "instances": [
        {
          "schema_version": 0,
          "attributes": {
            "create_time": "2022-04-02T15:38:21.406227Z",
            "description": "example docker repository",
            "format": "DOCKER",
            "id": "projects/hackathon-6aso-grupo11/locations/us-central1/repositories/spotmusic-backend-grupo11",
            "kms_key_name": "",
            "labels": null,
            "location": "us-central1",
            "maven_config": [],
            "name": "spotmusic-backend-grupo11",
            "project": "hackathon-6aso-grupo11",
            "repository_id": "spotmusic-backend-grupo11",
            "timeouts": null,
            "update_time": "2022-04-02T15:38:21.406227Z"
          },
          "sensitive_attributes": [],
          "private": "eyJlMmJmYjczMC1lY2FhLTExZTYtOGY4OC0zNDM2M2JjN2M0YzAiOnsiY3JlYXRlIjoxMjAwMDAwMDAwMDAwLCJkZWxldGUiOjEyMDAwMDAwMDAwMDAsInVwZGF0ZSI6MTIwMDAwMDAwMDAwMH19"
        }
      ]
    },
    {
      "mode": "managed",
      "type": "google_artifact_registry_repository",
      "name": "spotmusic-frontend",
      "provider": "provider[\"registry.terraform.io/hashicorp/google-beta\"]",
      "instances": [
        {
          "schema_version": 0,
          "attributes": {
            "create_time": "2022-04-02T15:38:21.420781Z",
            "description": "example docker repository",
            "format": "DOCKER",
            "id": "projects/hackathon-6aso-grupo11/locations/us-central1/repositories/spotmusic-frontend-grupo11",
            "kms_key_name": "",
            "labels": null,
            "location": "us-central1",
            "maven_config": [],
            "name": "spotmusic-frontend-grupo11",
            "project": "hackathon-6aso-grupo11",
            "repository_id": "spotmusic-frontend-grupo11",
            "timeouts": null,
            "update_time": "2022-04-02T15:38:21.420781Z"
          },
          "sensitive_attributes": [],
          "private": "eyJlMmJmYjczMC1lY2FhLTExZTYtOGY4OC0zNDM2M2JjN2M0YzAiOnsiY3JlYXRlIjoxMjAwMDAwMDAwMDAwLCJkZWxldGUiOjEyMDAwMDAwMDAwMDAsInVwZGF0ZSI6MTIwMDAwMDAwMDAwMH19"
        }
      ]
    },
    {
      "mode": "managed",
      "type": "google_sql_database",
      "name": "database",
      "provider": "provider[\"registry.terraform.io/hashicorp/google\"]",
      "instances": [
        {
          "schema_version": 0,
          "attributes": {
            "charset": "utf8",
            "collation": "utf8_general_ci",
            "id": "projects/hackathon-6aso-grupo11/instances/spotmusic-grupo11/databases/database_name",
            "instance": "spotmusic-grupo11",
            "name": "database_name",
            "project": "hackathon-6aso-grupo11",
            "self_link": "https://sqladmin.googleapis.com/sql/v1beta4/projects/hackathon-6aso-grupo11/instances/spotmusic-grupo11/databases/database_name",
            "timeouts": null
          },
          "sensitive_attributes": [],
          "private": "eyJlMmJmYjczMC1lY2FhLTExZTYtOGY4OC0zNDM2M2JjN2M0YzAiOnsiY3JlYXRlIjoxMjAwMDAwMDAwMDAwLCJkZWxldGUiOjEyMDAwMDAwMDAwMDAsInVwZGF0ZSI6MTIwMDAwMDAwMDAwMH19",
          "dependencies": [
            "google_sql_database_instance.master"
          ]
        }
      ]
    },
    {
      "mode": "managed",
      "type": "google_sql_database_instance",
      "name": "master",
      "provider": "provider[\"registry.terraform.io/hashicorp/google\"]",
      "instances": [
        {
          "schema_version": 0,
          "attributes": {
            "clone": [],
            "connection_name": "hackathon-6aso-grupo11:us-central1:spotmusic-grupo11",
            "database_version": "MYSQL_5_7",
            "deletion_protection": true,
            "first_ip_address": "35.184.201.47",
            "id": "spotmusic-grupo11",
            "ip_address": [
              {
                "ip_address": "35.184.201.47",
                "time_to_retire": "",
                "type": "PRIMARY"
              }
            ],
            "master_instance_name": "",
            "name": "spotmusic-grupo11",
            "private_ip_address": "",
            "project": "hackathon-6aso-grupo11",
            "public_ip_address": "35.184.201.47",
            "region": "us-central1",
            "replica_configuration": [],
            "restore_backup_context": [],
            "root_password": null,
            "self_link": "https://sqladmin.googleapis.com/sql/v1beta4/projects/hackathon-6aso-grupo11/instances/spotmusic-grupo11",
            "server_ca_cert": [
              {
                "cert": "-----BEGIN CERTIFICATE-----\nMIIDfzCCAmegAwIBAgIBADANBgkqhkiG9w0BAQsFADB3MS0wKwYDVQQuEyRhM2E4\nMDc1ZC1kOGE4LTQyYzAtYTkzNS04ZWUxODcxZTI0MDExIzAhBgNVBAMTGkdvb2ds\nZSBDbG91ZCBTUUwgU2VydmVyIENBMRQwEgYDVQQKEwtHb29nbGUsIEluYzELMAkG\nA1UEBhMCVVMwHhcNMjIwNDAyMTQ1NjQzWhcNMzIwMzMwMTQ1NzQzWjB3MS0wKwYD\nVQQuEyRhM2E4MDc1ZC1kOGE4LTQyYzAtYTkzNS04ZWUxODcxZTI0MDExIzAhBgNV\nBAMTGkdvb2dsZSBDbG91ZCBTUUwgU2VydmVyIENBMRQwEgYDVQQKEwtHb29nbGUs\nIEluYzELMAkGA1UEBhMCVVMwggEiMA0GCSqGSIb3DQEBAQUAA4IBDwAwggEKAoIB\nAQDWtX5krjQrJhMa55PliEsnQJu2rY94f9qzjyuLiMdxEOP70ggBygxrZgsj3a/M\nsjzoKBsNKGxcPwyBY1Z212Jybq9gH2Us4psVxRY+yGlVAd48T5hnYvWfQ3zU5JNV\nlNTlAXRHtA8jL3ktuUGysEe557GbLOSrPIQFd/7TGQQKgGiMvIjzOOwHJwOK7hMm\n5VEXc7fsdQf/nWuLPZQ1KajzhMtXSNbdx2Pk6OQSBDNFZFmVaPEJEHaDTD0oPHgG\nIMkyQyTxG6ZrYw+W6pwmuP63qRowkGz3PNatpj5qNBWdCLgO/QdsTgVDIbDHYV04\nRpLIyzfKd3Gja3X+ZYQG3n9jAgMBAAGjFjAUMBIGA1UdEwEB/wQIMAYBAf8CAQAw\nDQYJKoZIhvcNAQELBQADggEBALtPqCRJKbGb6XowKLm3ltlMfSPep+xChu2KIjEX\nCO5Kzdv9TyopOt4OCvmYPM78pPMKTIgFarKabWM+gos3/WQKEhIEigOYQikthqyo\n1I0OKaN9NUGskcfINmKvxJkNsHS2j/HK/3/5IRcNFao07DnAOQxrfFbthBS5Kxwn\nQdtvIpSqKW8kbpFU+MIO0QbhNEdxqGK6yGWXNt42ucg42uXg/ECCfH6/tXhvt3rW\nmWZYoy4znn7ECCtWCsE61zzH5TlxjRgDJJ+3mNIEuX5hUSajjgXK7Jq3UD0RWsVk\nmkBoaWW5oMr5BdwtvXbj6S5ZgudOWgzg04NacPxt5sWLuJE=\n-----END CERTIFICATE-----",
                "common_name": "C=US,O=Google\\, Inc,CN=Google Cloud SQL Server CA,dnQualifier=a3a8075d-d8a8-42c0-a935-8ee1871e2401",
                "create_time": "2022-04-02T14:56:43.461Z",
                "expiration_time": "2032-03-30T14:57:43.461Z",
                "sha1_fingerprint": "a295a6384b1076d1056da28fb94ea22df8caa297"
              }
            ],
            "service_account_email_address": "p498694792379-uinv89@gcp-sa-cloud-sql.iam.gserviceaccount.com",
            "settings": [
              {
                "activation_policy": "ALWAYS",
                "availability_type": "ZONAL",
                "backup_configuration": [
                  {
                    "backup_retention_settings": [
                      {
                        "retained_backups": 7,
                        "retention_unit": "COUNT"
                      }
                    ],
                    "binary_log_enabled": false,
                    "enabled": false,
                    "location": "",
                    "point_in_time_recovery_enabled": false,
                    "start_time": "02:00",
                    "transaction_log_retention_days": 7
                  }
                ],
                "collation": "",
                "database_flags": [],
                "disk_autoresize": true,
                "disk_autoresize_limit": 0,
                "disk_size": 10,
                "disk_type": "PD_SSD",
                "insights_config": [],
                "ip_configuration": [
                  {
                    "allocated_ip_range": "",
                    "authorized_networks": [],
                    "ipv4_enabled": true,
                    "private_network": "",
                    "require_ssl": false
                  }
                ],
                "location_preference": [
                  {
                    "follow_gae_application": "",
                    "zone": "us-central1-c"
                  }
                ],
                "maintenance_window": [],
                "pricing_plan": "PER_USE",
                "tier": "db-n1-standard-2",
                "user_labels": {},
                "version": 1
              }
            ],
            "timeouts": null
          },
          "sensitive_attributes": [],
          "private": "eyJlMmJmYjczMC1lY2FhLTExZTYtOGY4OC0zNDM2M2JjN2M0YzAiOnsiY3JlYXRlIjoxODAwMDAwMDAwMDAwLCJkZWxldGUiOjE4MDAwMDAwMDAwMDAsInVwZGF0ZSI6MTgwMDAwMDAwMDAwMH19"
        }
      ]
    },
    {
      "mode": "managed",
      "type": "google_sql_user",
      "name": "users",
      "provider": "provider[\"registry.terraform.io/hashicorp/google\"]",
      "instances": [
        {
          "schema_version": 1,
          "attributes": {
            "deletion_policy": null,
            "host": "%",
            "id": "root/%/spotmusic-grupo11",
            "instance": "spotmusic-grupo11",
            "name": "root",
            "password": "XXXXXXXXX",
            "project": "hackathon-6aso-grupo11",
            "timeouts": null,
            "type": ""
          },
          "sensitive_attributes": [],
          "private": "eyJlMmJmYjczMC1lY2FhLTExZTYtOGY4OC0zNDM2M2JjN2M0YzAiOnsiY3JlYXRlIjo2MDAwMDAwMDAwMDAsImRlbGV0ZSI6NjAwMDAwMDAwMDAwLCJ1cGRhdGUiOjYwMDAwMDAwMDAwMH0sInNjaGVtYV92ZXJzaW9uIjoiMSJ9",
          "dependencies": [
            "google_sql_database_instance.master"
          ]
        }
      ]
    }
  ]
}
